// !$*UTF8*$!
{
	archiveVersion = 1;
	classes = {
	};
	objectVersion = 56;
	objects = {

/* Begin PBXBuildFile section */
		96AD53D72B8FC1D6003A6244 /* SetApp.swift in Sources */ = {isa = PBXBuildFile; fileRef = 96AD53D62B8FC1D6003A6244 /* SetApp.swift */; };
		96AD53D92B8FC1D6003A6244 /* SetView.swift in Sources */ = {isa = PBXBuildFile; fileRef = 96AD53D82B8FC1D6003A6244 /* SetView.swift */; };
		96AD53DB2B8FC1D7003A6244 /* Assets.xcassets in Resources */ = {isa = PBXBuildFile; fileRef = 96AD53DA2B8FC1D7003A6244 /* Assets.xcassets */; };
		96AD53DE2B8FC1D7003A6244 /* Preview Assets.xcassets in Resources */ = {isa = PBXBuildFile; fileRef = 96AD53DD2B8FC1D7003A6244 /* Preview Assets.xcassets */; };
		96AD53E52B8FC29F003A6244 /* CardsContentBuilder.swift in Sources */ = {isa = PBXBuildFile; fileRef = 96AD53E42B8FC29F003A6244 /* CardsContentBuilder.swift */; };
		96AD53E72B8FC5EF003A6244 /* SetViewModel.swift in Sources */ = {isa = PBXBuildFile; fileRef = 96AD53E62B8FC5EF003A6244 /* SetViewModel.swift */; };
		96AD53E92B8FCF51003A6244 /* SetModel.swift in Sources */ = {isa = PBXBuildFile; fileRef = 96AD53E82B8FCF51003A6244 /* SetModel.swift */; };
/* End PBXBuildFile section */

/* Begin PBXFileReference section */
		96AD53D32B8FC1D6003A6244 /* Set.app */ = {isa = PBXFileReference; explicitFileType = wrapper.application; includeInIndex = 0; path = Set.app; sourceTree = BUILT_PRODUCTS_DIR; };
		96AD53D62B8FC1D6003A6244 /* SetApp.swift */ = {isa = PBXFileReference; lastKnownFileType = sourcecode.swift; path = SetApp.swift; sourceTree = "<group>"; };
		96AD53D82B8FC1D6003A6244 /* SetView.swift */ = {isa = PBXFileReference; lastKnownFileType = sourcecode.swift; path = SetView.swift; sourceTree = "<group>"; };
		96AD53DA2B8FC1D7003A6244 /* Assets.xcassets */ = {isa = PBXFileReference; lastKnownFileType = folder.assetcatalog; path = Assets.xcassets; sourceTree = "<group>"; };
		96AD53DD2B8FC1D7003A6244 /* Preview Assets.xcassets */ = {isa = PBXFileReference; lastKnownFileType = folder.assetcatalog; path = "Preview Assets.xcassets"; sourceTree = "<group>"; };
		96AD53E42B8FC29F003A6244 /* CardsContentBuilder.swift */ = {isa = PBXFileReference; lastKnownFileType = sourcecode.swift; path = CardsContentBuilder.swift; sourceTree = "<group>"; };
		96AD53E62B8FC5EF003A6244 /* SetViewModel.swift */ = {isa = PBXFileReference; lastKnownFileType = sourcecode.swift; path = SetViewModel.swift; sourceTree = "<group>"; };
		96AD53E82B8FCF51003A6244 /* SetModel.swift */ = {isa = PBXFileReference; lastKnownFileType = sourcecode.swift; path = SetModel.swift; sourceTree = "<group>"; };
/* End PBXFileReference section */

/* Begin PBXFrameworksBuildPhase section */
		96AD53D02B8FC1D6003A6244 /* Frameworks */ = {
			isa = PBXFrameworksBuildPhase;
			buildActionMask = 2147483647;
			files = (
			);
			runOnlyForDeploymentPostprocessing = 0;
		};
/* End PBXFrameworksBuildPhase section */

/* Begin PBXGroup section */
		96AD53CA2B8FC1D6003A6244 = {
			isa = PBXGroup;
			children = (
				96AD53D52B8FC1D6003A6244 /* Set */,
				96AD53D42B8FC1D6003A6244 /* Products */,
			);
			sourceTree = "<group>";
		};
		96AD53D42B8FC1D6003A6244 /* Products */ = {
			isa = PBXGroup;
			children = (
				96AD53D32B8FC1D6003A6244 /* Set.app */,
			);
			name = Products;
			sourceTree = "<group>";
		};
		96AD53D52B8FC1D6003A6244 /* Set */ = {
			isa = PBXGroup;
			children = (
				96AD53D62B8FC1D6003A6244 /* SetApp.swift */,
				96AD53D82B8FC1D6003A6244 /* SetView.swift */,
				96AD53E82B8FCF51003A6244 /* SetModel.swift */,
				96AD53E62B8FC5EF003A6244 /* SetViewModel.swift */,
				96AD53E42B8FC29F003A6244 /* CardsContentBuilder.swift */,
				96AD53DA2B8FC1D7003A6244 /* Assets.xcassets */,
				96AD53DC2B8FC1D7003A6244 /* Preview Content */,
			);
			path = Set;
			sourceTree = "<group>";
		};
		96AD53DC2B8FC1D7003A6244 /* Preview Content */ = {
			isa = PBXGroup;
			children = (
				96AD53DD2B8FC1D7003A6244 /* Preview Assets.xcassets */,
			);
			path = "Preview Content";
			sourceTree = "<group>";
		};
/* End PBXGroup section */

/* Begin PBXNativeTarget section */
		96AD53D22B8FC1D6003A6244 /* Set */ = {
			isa = PBXNativeTarget;
			buildConfigurationList = 96AD53E12B8FC1D7003A6244 /* Build configuration list for PBXNativeTarget "Set" */;
			buildPhases = (
				96AD53CF2B8FC1D6003A6244 /* Sources */,
				96AD53D02B8FC1D6003A6244 /* Frameworks */,
				96AD53D12B8FC1D6003A6244 /* Resources */,
			);
			buildRules = (
			);
			dependencies = (
			);
			name = Set;
			productName = Set;
			productReference = 96AD53D32B8FC1D6003A6244 /* Set.app */;
			productType = "com.apple.product-type.application";
		};
/* End PBXNativeTarget section */

/* Begin PBXProject section */
		96AD53CB2B8FC1D6003A6244 /* Project object */ = {
			isa = PBXProject;
			attributes = {
				BuildIndependentTargetsInParallel = 1;
				LastSwiftUpdateCheck = 1500;
				LastUpgradeCheck = 1500;
				TargetAttributes = {
					96AD53D22B8FC1D6003A6244 = {
						CreatedOnToolsVersion = 15.0;
					};
				};
			};
			buildConfigurationList = 96AD53CE2B8FC1D6003A6244 /* Build configuration list for PBXProject "Set" */;
			compatibilityVersion = "Xcode 14.0";
			developmentRegion = en;
			hasScannedForEncodings = 0;
			knownRegions = (
				en,
				Base,
			);
			mainGroup = 96AD53CA2B8FC1D6003A6244;
			productRefGroup = 96AD53D42B8FC1D6003A6244 /* Products */;
			projectDirPath = "";
			projectRoot = "";
			targets = (
				96AD53D22B8FC1D6003A6244 /* Set */,
			);
		};
/* End PBXProject section */

/* Begin PBXResourcesBuildPhase section */
		96AD53D12B8FC1D6003A6244 /* Resources */ = {
			isa = PBXResourcesBuildPhase;
			buildActionMask = 2147483647;
			files = (
				96AD53DE2B8FC1D7003A6244 /* Preview Assets.xcassets in Resources */,
				96AD53DB2B8FC1D7003A6244 /* Assets.xcassets in Resources */,
			);
			runOnlyForDeploymentPostprocessing = 0;
		};
/* End PBXResourcesBuildPhase section */

/* Begin PBXSourcesBuildPhase section */
		96AD53CF2B8FC1D6003A6244 /* Sources */ = {
			isa = PBXSourcesBuildPhase;
			buildActionMask = 2147483647;
			files = (
				96AD53D92B8FC1D6003A6244 /* SetView.swift in Sources */,
				96AD53E72B8FC5EF003A6244 /* SetViewModel.swift in Sources */,
				96AD53E92B8FCF51003A6244 /* SetModel.swift in Sources */,
				96AD53E52B8FC29F003A6244 /* CardsContentBuilder.swift in Sources */,
				96AD53D72B8FC1D6003A6244 /* SetApp.swift in Sources */,
			);
			runOnlyForDeploymentPostprocessing = 0;
		};
/* End PBXSourcesBuildPhase section */

/* Begin XCBuildConfiguration section */
		96AD53DF2B8FC1D7003A6244 /* Debug */ = {
			isa = XCBuildConfiguration;
			buildSettings = {
				ALWAYS_SEARCH_USER_PATHS = NO;
				ASSETCATALOG_COMPILER_GENERATE_SWIFT_ASSET_SYMBOL_EXTENSIONS = YES;
				CLANG_ANALYZER_NONNULL = YES;
				CLANG_ANALYZER_NUMBER_OBJECT_CONVERSION = YES_AGGRESSIVE;
				CLANG_CXX_LANGUAGE_STANDARD = "gnu++20";
				CLANG_ENABLE_MODULES = YES;
				CLANG_ENABLE_OBJC_ARC = YES;
				CLANG_ENABLE_OBJC_WEAK = YES;
				CLANG_WARN_BLOCK_CAPTURE_AUTORELEASING = YES;
				CLANG_WARN_BOOL_CONVERSION = YES;
				CLANG_WARN_COMMA = YES;
				CLANG_WARN_CONSTANT_CONVERSION = YES;
				CLANG_WARN_DEPRECATED_OBJC_IMPLEMENTATIONS = YES;
				CLANG_WARN_DIRECT_OBJC_ISA_USAGE = YES_ERROR;
				CLANG_WARN_DOCUMENTATION_COMMENTS = YES;
				CLANG_WARN_EMPTY_BODY = YES;
				CLANG_WARN_ENUM_CONVERSION = YES;
				CLANG_WARN_INFINITE_RECURSION = YES;
				CLANG_WARN_INT_CONVERSION = YES;
				CLANG_WARN_NON_LITERAL_NULL_CONVERSION = YES;
				CLANG_WARN_OBJC_IMPLICIT_RETAIN_SELF = YES;
				CLANG_WARN_OBJC_LITERAL_CONVERSION = YES;
				CLANG_WARN_OBJC_ROOT_CLASS = YES_ERROR;
				CLANG_WARN_QUOTED_INCLUDE_IN_FRAMEWORK_HEADER = YES;
				CLANG_WARN_RANGE_LOOP_ANALYSIS = YES;
				CLANG_WARN_STRICT_PROTOTYPES = YES;
				CLANG_WARN_SUSPICIOUS_MOVE = YES;
				CLANG_WARN_UNGUARDED_AVAILABILITY = YES_AGGRESSIVE;
				CLANG_WARN_UNREACHABLE_CODE = YES;
				CLANG_WARN__DUPLICATE_METHOD_MATCH = YES;
				COPY_PHASE_STRIP = NO;
				DEBUG_INFORMATION_FORMAT = dwarf;
				ENABLE_STRICT_OBJC_MSGSEND = YES;
				ENABLE_TESTABILITY = YES;
				ENABLE_USER_SCRIPT_SANDBOXING = YES;
				GCC_C_LANGUAGE_STANDARD = gnu17;
				GCC_DYNAMIC_NO_PIC = NO;
				GCC_NO_COMMON_BLOCKS = YES;
				GCC_OPTIMIZATION_LEVEL = 0;
				GCC_PREPROCESSOR_DEFINITIONS = (
					"DEBUG=1",
					"$(inherited)",
				);
				GCC_WARN_64_TO_32_BIT_CONVERSION = YES;
				GCC_WARN_ABOUT_RETURN_TYPE = YES_ERROR;
				GCC_WARN_UNDECLARED_SELECTOR = YES;
				GCC_WARN_UNINITIALIZED_AUTOS = YES_AGGRESSIVE;
				GCC_WARN_UNUSED_FUNCTION = YES;
				GCC_WARN_UNUSED_VARIABLE = YES;
				IPHONEOS_DEPLOYMENT_TARGET = 17.0;
				LOCALIZATION_PREFERS_STRING_CATALOGS = YES;
				MTL_ENABLE_DEBUG_INFO = INCLUDE_SOURCE;
				MTL_FAST_MATH = YES;
				ONLY_ACTIVE_ARCH = YES;
				SDKROOT = iphoneos;
				SWIFT_ACTIVE_COMPILATION_CONDITIONS = "DEBUG $(inherited)";
				SWIFT_OPTIMIZATION_LEVEL = "-Onone";
			};
			name = Debug;
		};
		96AD53E02B8FC1D7003A6244 /* Release */ = {
			isa = XCBuildConfiguration;
			buildSettings = {
				ALWAYS_SEARCH_USER_PATHS = NO;
				ASSETCATALOG_COMPILER_GENERATE_SWIFT_ASSET_SYMBOL_EXTENSIONS = YES;
				CLANG_ANALYZER_NONNULL = YES;
				CLANG_ANALYZER_NUMBER_OBJECT_CONVERSION = YES_AGGRESSIVE;
				CLANG_CXX_LANGUAGE_STANDARD = "gnu++20";
				CLANG_ENABLE_MODULES = YES;
				CLANG_ENABLE_OBJC_ARC = YES;
				CLANG_ENABLE_OBJC_WEAK = YES;
				CLANG_WARN_BLOCK_CAPTURE_AUTORELEASING = YES;
				CLANG_WARN_BOOL_CONVERSION = YES;
				CLANG_WARN_COMMA = YES;
				CLANG_WARN_CONSTANT_CONVERSION = YES;
				CLANG_WARN_DEPRECATED_OBJC_IMPLEMENTATIONS = YES;
				CLANG_WARN_DIRECT_OBJC_ISA_USAGE = YES_ERROR;
				CLANG_WARN_DOCUMENTATION_COMMENTS = YES;
				CLANG_WARN_EMPTY_BODY = YES;
				CLANG_WARN_ENUM_CONVERSION = YES;
				CLANG_WARN_INFINITE_RECURSION = YES;
				CLANG_WARN_INT_CONVERSION = YES;
				CLANG_WARN_NON_LITERAL_NULL_CONVERSION = YES;
				CLANG_WARN_OBJC_IMPLICIT_RETAIN_SELF = YES;
				CLANG_WARN_OBJC_LITERAL_CONVERSION = YES;
				CLANG_WARN_OBJC_ROOT_CLASS = YES_ERROR;
				CLANG_WARN_QUOTED_INCLUDE_IN_FRAMEWORK_HEADER = YES;
				CLANG_WARN_RANGE_LOOP_ANALYSIS = YES;
				CLANG_WARN_STRICT_PROTOTYPES = YES;
				CLANG_WARN_SUSPICIOUS_MOVE = YES;
				CLANG_WARN_UNGUARDED_AVAILABILITY = YES_AGGRESSIVE;
				CLANG_WARN_UNREACHABLE_CODE = YES;
				CLANG_WARN__DUPLICATE_METHOD_MATCH = YES;
				COPY_PHASE_STRIP = NO;
				DEBUG_INFORMATION_FORMAT = "dwarf-with-dsym";
				ENABLE_NS_ASSERTIONS = NO;
				ENABLE_STRICT_OBJC_MSGSEND = YES;
				ENABLE_USER_SCRIPT_SANDBOXING = YES;
				GCC_C_LANGUAGE_STANDARD = gnu17;
				GCC_NO_COMMON_BLOCKS = YES;
				GCC_WARN_64_TO_32_BIT_CONVERSION = YES;
				GCC_WARN_ABOUT_RETURN_TYPE = YES_ERROR;
				GCC_WARN_UNDECLARED_SELECTOR = YES;
				GCC_WARN_UNINITIALIZED_AUTOS = YES_AGGRESSIVE;
				GCC_WARN_UNUSED_FUNCTION = YES;
				GCC_WARN_UNUSED_VARIABLE = YES;
				IPHONEOS_DEPLOYMENT_TARGET = 17.0;
				LOCALIZATION_PREFERS_STRING_CATALOGS = YES;
				MTL_ENABLE_DEBUG_INFO = NO;
				MTL_FAST_MATH = YES;
				SDKROOT = iphoneos;
				SWIFT_COMPILATION_MODE = wholemodule;
				VALIDATE_PRODUCT = YES;
			};
			name = Release;
		};
		96AD53E22B8FC1D7003A6244 /* Debug */ = {
			isa = XCBuildConfiguration;
			buildSettings = {
				ASSETCATALOG_COMPILER_APPICON_NAME = AppIcon;
				ASSETCATALOG_COMPILER_GLOBAL_ACCENT_COLOR_NAME = AccentColor;
				CODE_SIGN_STYLE = Automatic;
				CURRENT_PROJECT_VERSION = 1;
				DEVELOPMENT_ASSET_PATHS = "\"Set/Preview Content\"";
				DEVELOPMENT_TEAM = C5ZDQP4U6T;
				ENABLE_PREVIEWS = YES;
				GENERATE_INFOPLIST_FILE = YES;
				INFOPLIST_KEY_UIApplicationSceneManifest_Generation = YES;
				INFOPLIST_KEY_UIApplicationSupportsIndirectInputEvents = YES;
				INFOPLIST_KEY_UILaunchScreen_Generation = YES;
				INFOPLIST_KEY_UISupportedInterfaceOrientations_iPad = "UIInterfaceOrientationPortrait UIInterfaceOrientationPortraitUpsideDown UIInterfaceOrientationLandscapeLeft UIInterfaceOrientationLandscapeRight";
				INFOPLIST_KEY_UISupportedInterfaceOrientations_iPhone = "UIInterfaceOrientationPortrait UIInterfaceOrientationLandscapeLeft UIInterfaceOrientationLandscapeRight";
				LD_RUNPATH_SEARCH_PATHS = (
					"$(inherited)",
					"@executable_path/Frameworks",
				);
				MARKETING_VERSION = 1.0;
				PRODUCT_BUNDLE_IDENTIFIER = jason.Set;
				PRODUCT_NAME = "$(TARGET_NAME)";
				SWIFT_EMIT_LOC_STRINGS = YES;
				SWIFT_VERSION = 5.0;
				TARGETED_DEVICE_FAMILY = "1,2";
			};
			name = Debug;
		};
		96AD53E32B8FC1D7003A6244 /* Release */ = {
			isa = XCBuildConfiguration;
			buildSettings = {
				ASSETCATALOG_COMPILER_APPICON_NAME = AppIcon;
				ASSETCATALOG_COMPILER_GLOBAL_ACCENT_COLOR_NAME = AccentColor;
				CODE_SIGN_STYLE = Automatic;
				CURRENT_PROJECT_VERSION = 1;
				DEVELOPMENT_ASSET_PATHS = "\"Set/Preview Content\"";
				DEVELOPMENT_TEAM = C5ZDQP4U6T;
				ENABLE_PREVIEWS = YES;
				GENERATE_INFOPLIST_FILE = YES;
				INFOPLIST_KEY_UIApplicationSceneManifest_Generation = YES;
				INFOPLIST_KEY_UIApplicationSupportsIndirectInputEvents = YES;
				INFOPLIST_KEY_UILaunchScreen_Generation = YES;
				INFOPLIST_KEY_UISupportedInterfaceOrientations_iPad = "UIInterfaceOrientationPortrait UIInterfaceOrientationPortraitUpsideDown UIInterfaceOrientationLandscapeLeft UIInterfaceOrientationLandscapeRight";
				INFOPLIST_KEY_UISupportedInterfaceOrientations_iPhone = "UIInterfaceOrientationPortrait UIInterfaceOrientationLandscapeLeft UIInterfaceOrientationLandscapeRight";
				LD_RUNPATH_SEARCH_PATHS = (
					"$(inherited)",
					"@executable_path/Frameworks",
				);
				MARKETING_VERSION = 1.0;
				PRODUCT_BUNDLE_IDENTIFIER = jason.Set;
				PRODUCT_NAME = "$(TARGET_NAME)";
				SWIFT_EMIT_LOC_STRINGS = YES;
				SWIFT_VERSION = 5.0;
				TARGETED_DEVICE_FAMILY = "1,2";
			};
			name = Release;
		};
/* End XCBuildConfiguration section */

/* Begin XCConfigurationList section */
		96AD53CE2B8FC1D6003A6244 /* Build configuration list for PBXProject "Set" */ = {
			isa = XCConfigurationList;
			buildConfigurations = (
				96AD53DF2B8FC1D7003A6244 /* Debug */,
				96AD53E02B8FC1D7003A6244 /* Release */,
			);
			defaultConfigurationIsVisible = 0;
			defaultConfigurationName = Release;
		};
		96AD53E12B8FC1D7003A6244 /* Build configuration list for PBXNativeTarget "Set" */ = {
			isa = XCConfigurationList;
			buildConfigurations = (
				96AD53E22B8FC1D7003A6244 /* Debug */,
				96AD53E32B8FC1D7003A6244 /* Release */,
			);
			defaultConfigurationIsVisible = 0;
			defaultConfigurationName = Release;
		};
/* End XCConfigurationList section */
	};
	rootObject = 96AD53CB2B8FC1D6003A6244 /* Project object */;
}
